
Microsoft Visual Studio Solution File, Format Version 12.00
# Visual Studio Version 17
VisualStudioVersion = 17.10.35013.160
MinimumVisualStudioVersion = 10.0.40219.1
Project("{FAE04EC0-301F-11D3-BF4B-00C04F79EFBC}") = "PatikaWeek2PratikWhileOrnekleri", "PatikaWeek2PratikWhileOrnekleri\PatikaWeek2PratikWhileOrnekleri.csproj", "{E5209253-190D-4609-8557-FC7EFBC45C51}"
EndProject
Global
	GlobalSection(SolutionConfigurationPlatforms) = preSolution
		Debug|Any CPU = Debug|Any CPU
		Release|Any CPU = Release|Any CPU
	EndGlobalSection
	GlobalSection(ProjectConfigurationPlatforms) = postSolution
		{E5209253-190D-4609-8557-FC7EFBC45C51}.Debug|Any CPU.ActiveCfg = Debug|Any CPU
		{E5209253-190D-4609-8557-FC7EFBC45C51}.Debug|Any CPU.Build.0 = Debug|Any CPU
		{E5209253-190D-4609-8557-FC7EFBC45C51}.Release|Any CPU.ActiveCfg = Release|Any CPU
		{E5209253-190D-4609-8557-FC7EFBC45C51}.Release|Any CPU.Build.0 = Release|Any CPU
	EndGlobalSection
	GlobalSection(SolutionProperties) = preSolution
		HideSolutionNode = FALSE
	EndGlobalSection
	GlobalSection(ExtensibilityGlobals) = postSolution
		SolutionGuid = {D6E56E03-DC5E-4DAF-8882-E0951FB49C6F}
	EndGlobalSection
EndGlobal
